
Microsoft Visual Studio Solution File, Format Version 12.00
# Visual Studio Version 16
VisualStudioVersion = 16.0.28803.156
MinimumVisualStudioVersion = 10.0.40219.1
Project("{FAE04EC0-301F-11D3-BF4B-00C04F79EFBC}") = "PJK.PRISM.HCIS_2.UI", "PJK.PRISM.HCIS_2.UI\PJK.PRISM.HCIS_2.UI.csproj", "{08EF275A-66C3-4590-B5C2-D6A2167FEBAE}"
EndProject
Global
	GlobalSection(SolutionConfigurationPlatforms) = preSolution
		Debug|Any CPU = Debug|Any CPU
		Release|Any CPU = Release|Any CPU
	EndGlobalSection
	GlobalSection(ProjectConfigurationPlatforms) = postSolution
		{08EF275A-66C3-4590-B5C2-D6A2167FEBAE}.Debug|Any CPU.ActiveCfg = Debug|Any CPU
		{08EF275A-66C3-4590-B5C2-D6A2167FEBAE}.Debug|Any CPU.Build.0 = Debug|Any CPU
		{08EF275A-66C3-4590-B5C2-D6A2167FEBAE}.Release|Any CPU.ActiveCfg = Release|Any CPU
		{08EF275A-66C3-4590-B5C2-D6A2167FEBAE}.Release|Any CPU.Build.0 = Release|Any CPU
	EndGlobalSection
	GlobalSection(SolutionProperties) = preSolution
		HideSolutionNode = FALSE
	EndGlobalSection
	GlobalSection(ExtensibilityGlobals) = postSolution
		SolutionGuid = {B9A6A875-FA26-400A-85AD-AA810B3759B5}
	EndGlobalSection
EndGlobal
